
Microsoft Visual Studio Solution File, Format Version 12.00
# Visual Studio 15
VisualStudioVersion = 15.0.28307.168
MinimumVisualStudioVersion = 10.0.40219.1
Project("{FAE04EC0-301F-11D3-BF4B-00C04F79EFBC}") = "AEC", "xy\AEC.csproj", "{E4DB2A8C-7B0A-475B-8E3C-2AB45BBA2DC1}"
EndProject
Global
	GlobalSection(SolutionConfigurationPlatforms) = preSolution
		Debug|Any CPU = Debug|Any CPU
		Release|Any CPU = Release|Any CPU
	EndGlobalSection
	GlobalSection(ProjectConfigurationPlatforms) = postSolution
		{E4DB2A8C-7B0A-475B-8E3C-2AB45BBA2DC1}.Debug|Any CPU.ActiveCfg = Debug|Any CPU
		{E4DB2A8C-7B0A-475B-8E3C-2AB45BBA2DC1}.Debug|Any CPU.Build.0 = Debug|Any CPU
		{E4DB2A8C-7B0A-475B-8E3C-2AB45BBA2DC1}.Release|Any CPU.ActiveCfg = Release|Any CPU
		{E4DB2A8C-7B0A-475B-8E3C-2AB45BBA2DC1}.Release|Any CPU.Build.0 = Release|Any CPU
	EndGlobalSection
	GlobalSection(SolutionProperties) = preSolution
		HideSolutionNode = FALSE
	EndGlobalSection
	GlobalSection(ExtensibilityGlobals) = postSolution
		SolutionGuid = {DEC95D4B-3C71-4042-A787-0F4086F873B7}
	EndGlobalSection
EndGlobal
